
Microsoft Visual Studio Solution File, Format Version 12.00
# Visual Studio Version 16
VisualStudioVersion = 16.0.31624.102
MinimumVisualStudioVersion = 10.0.40219.1
Project("{FAE04EC0-301F-11D3-BF4B-00C04F79EFBC}") = "OnStore", "OnStore\OnStore.csproj", "{0B2A7A8F-BCDD-4373-88B1-825A55090F47}"
EndProject
Global
	GlobalSection(SolutionConfigurationPlatforms) = preSolution
		Debug|Any CPU = Debug|Any CPU
		Release|Any CPU = Release|Any CPU
	EndGlobalSection
	GlobalSection(ProjectConfigurationPlatforms) = postSolution
		{0B2A7A8F-BCDD-4373-88B1-825A55090F47}.Debug|Any CPU.ActiveCfg = Debug|Any CPU
		{0B2A7A8F-BCDD-4373-88B1-825A55090F47}.Debug|Any CPU.Build.0 = Debug|Any CPU
		{0B2A7A8F-BCDD-4373-88B1-825A55090F47}.Release|Any CPU.ActiveCfg = Release|Any CPU
		{0B2A7A8F-BCDD-4373-88B1-825A55090F47}.Release|Any CPU.Build.0 = Release|Any CPU
	EndGlobalSection
	GlobalSection(SolutionProperties) = preSolution
		HideSolutionNode = FALSE
	EndGlobalSection
	GlobalSection(ExtensibilityGlobals) = postSolution
		SolutionGuid = {2E753EDA-FC1E-4BDA-8DB9-55D3A2C94CA4}
	EndGlobalSection
EndGlobal
